
Microsoft Visual Studio Solution File, Format Version 12.00
# Visual Studio Version 16
VisualStudioVersion = 16.0.31019.35
MinimumVisualStudioVersion = 10.0.40219.1
Project("{FAE04EC0-301F-11D3-BF4B-00C04F79EFBC}") = "AuthJWT", "AuthJWT\AuthJWT.csproj", "{5F484A97-AF40-428C-885C-5CA1B122A21B}"
EndProject
Global
	GlobalSection(SolutionConfigurationPlatforms) = preSolution
		Debug|Any CPU = Debug|Any CPU
		Release|Any CPU = Release|Any CPU
	EndGlobalSection
	GlobalSection(ProjectConfigurationPlatforms) = postSolution
		{5F484A97-AF40-428C-885C-5CA1B122A21B}.Debug|Any CPU.ActiveCfg = Debug|Any CPU
		{5F484A97-AF40-428C-885C-5CA1B122A21B}.Debug|Any CPU.Build.0 = Debug|Any CPU
		{5F484A97-AF40-428C-885C-5CA1B122A21B}.Release|Any CPU.ActiveCfg = Release|Any CPU
		{5F484A97-AF40-428C-885C-5CA1B122A21B}.Release|Any CPU.Build.0 = Release|Any CPU
	EndGlobalSection
	GlobalSection(SolutionProperties) = preSolution
		HideSolutionNode = FALSE
	EndGlobalSection
	GlobalSection(ExtensibilityGlobals) = postSolution
		SolutionGuid = {564BFBDD-0FC4-4442-B477-68DFFFD5C4C3}
	EndGlobalSection
EndGlobal
